
Microsoft Visual Studio Solution File, Format Version 12.00
# Visual Studio 2012
Project("{FAE04EC0-301F-11D3-BF4B-00C04F79EFBC}") = "Lee una cadena si hay mayusculas y minusculas", "Lee una cadena si hay mayusculas y minusculas\Lee una cadena si hay mayusculas y minusculas.csproj", "{4E290A35-2318-45C6-BD61-8695C7C3448E}"
EndProject
Global
	GlobalSection(SolutionConfigurationPlatforms) = preSolution
		Debug|Any CPU = Debug|Any CPU
		Release|Any CPU = Release|Any CPU
	EndGlobalSection
	GlobalSection(ProjectConfigurationPlatforms) = postSolution
		{4E290A35-2318-45C6-BD61-8695C7C3448E}.Debug|Any CPU.ActiveCfg = Debug|Any CPU
		{4E290A35-2318-45C6-BD61-8695C7C3448E}.Debug|Any CPU.Build.0 = Debug|Any CPU
		{4E290A35-2318-45C6-BD61-8695C7C3448E}.Release|Any CPU.ActiveCfg = Release|Any CPU
		{4E290A35-2318-45C6-BD61-8695C7C3448E}.Release|Any CPU.Build.0 = Release|Any CPU
	EndGlobalSection
	GlobalSection(SolutionProperties) = preSolution
		HideSolutionNode = FALSE
	EndGlobalSection
EndGlobal
